// !$*UTF8*$!
{
	archiveVersion = 1;
	classes = {
	};
	objectVersion = 50;
	objects = {

/* Begin PBXBuildFile section */
		0BDAFC93261B975900E82D7C /* MySwiftUISamplesApp.swift in Sources */ = {isa = PBXBuildFile; fileRef = 0BDAFC92261B975900E82D7C /* MySwiftUISamplesApp.swift */; };
		0BDAFC95261B975900E82D7C /* ContentView.swift in Sources */ = {isa = PBXBuildFile; fileRef = 0BDAFC94261B975900E82D7C /* ContentView.swift */; };
		0BDAFC97261B975D00E82D7C /* Assets.xcassets in Resources */ = {isa = PBXBuildFile; fileRef = 0BDAFC96261B975D00E82D7C /* Assets.xcassets */; };
		0BDAFC9A261B975D00E82D7C /* Preview Assets.xcassets in Resources */ = {isa = PBXBuildFile; fileRef = 0BDAFC99261B975D00E82D7C /* Preview Assets.xcassets */; };
		0BDAFCA3261B978500E82D7C /* LabelSample.swift in Sources */ = {isa = PBXBuildFile; fileRef = 0BDAFCA2261B978500E82D7C /* LabelSample.swift */; };
		0BDAFCA6261C955100E82D7C /* ButtonSample.swift in Sources */ = {isa = PBXBuildFile; fileRef = 0BDAFCA5261C955000E82D7C /* ButtonSample.swift */; };
		0BDAFCAC261CA00A00E82D7C /* ButtonContainer.swift in Sources */ = {isa = PBXBuildFile; fileRef = 0BDAFCAB261CA00A00E82D7C /* ButtonContainer.swift */; };
		0BDAFCAF261CA18C00E82D7C /* OutlineButtonStyle.swift in Sources */ = {isa = PBXBuildFile; fileRef = 0BDAFCAE261CA18C00E82D7C /* OutlineButtonStyle.swift */; };
		0BDAFCB2261CA1BE00E82D7C /* FilledButtonStyle.swift in Sources */ = {isa = PBXBuildFile; fileRef = 0BDAFCB1261CA1BE00E82D7C /* FilledButtonStyle.swift */; };
		0BDAFCB6261CA3B300E82D7C /* LongPressButtonStyle.swift in Sources */ = {isa = PBXBuildFile; fileRef = 0BDAFCB5261CA3B300E82D7C /* LongPressButtonStyle.swift */; };
/* End PBXBuildFile section */

/* Begin PBXFileReference section */
		0BDAFC8F261B975900E82D7C /* MySwiftUISamples.app */ = {isa = PBXFileReference; explicitFileType = wrapper.application; includeInIndex = 0; path = MySwiftUISamples.app; sourceTree = BUILT_PRODUCTS_DIR; };
		0BDAFC92261B975900E82D7C /* MySwiftUISamplesApp.swift */ = {isa = PBXFileReference; lastKnownFileType = sourcecode.swift; path = MySwiftUISamplesApp.swift; sourceTree = "<group>"; };
		0BDAFC94261B975900E82D7C /* ContentView.swift */ = {isa = PBXFileReference; lastKnownFileType = sourcecode.swift; path = ContentView.swift; sourceTree = "<group>"; };
		0BDAFC96261B975D00E82D7C /* Assets.xcassets */ = {isa = PBXFileReference; lastKnownFileType = folder.assetcatalog; path = Assets.xcassets; sourceTree = "<group>"; };
		0BDAFC99261B975D00E82D7C /* Preview Assets.xcassets */ = {isa = PBXFileReference; lastKnownFileType = folder.assetcatalog; path = "Preview Assets.xcassets"; sourceTree = "<group>"; };
		0BDAFC9B261B975D00E82D7C /* Info.plist */ = {isa = PBXFileReference; lastKnownFileType = text.plist.xml; path = Info.plist; sourceTree = "<group>"; };
		0BDAFCA2261B978500E82D7C /* LabelSample.swift */ = {isa = PBXFileReference; fileEncoding = 4; lastKnownFileType = sourcecode.swift; path = LabelSample.swift; sourceTree = "<group>"; };
		0BDAFCA5261C955000E82D7C /* ButtonSample.swift */ = {isa = PBXFileReference; lastKnownFileType = sourcecode.swift; path = ButtonSample.swift; sourceTree = "<group>"; };
		0BDAFCAB261CA00A00E82D7C /* ButtonContainer.swift */ = {isa = PBXFileReference; lastKnownFileType = sourcecode.swift; path = ButtonContainer.swift; sourceTree = "<group>"; };
		0BDAFCAE261CA18C00E82D7C /* OutlineButtonStyle.swift */ = {isa = PBXFileReference; lastKnownFileType = sourcecode.swift; path = OutlineButtonStyle.swift; sourceTree = "<group>"; };
		0BDAFCB1261CA1BE00E82D7C /* FilledButtonStyle.swift */ = {isa = PBXFileReference; lastKnownFileType = sourcecode.swift; path = FilledButtonStyle.swift; sourceTree = "<group>"; };
		0BDAFCB5261CA3B300E82D7C /* LongPressButtonStyle.swift */ = {isa = PBXFileReference; lastKnownFileType = sourcecode.swift; path = LongPressButtonStyle.swift; sourceTree = "<group>"; };
/* End PBXFileReference section */

/* Begin PBXFrameworksBuildPhase section */
		0BDAFC8C261B975900E82D7C /* Frameworks */ = {
			isa = PBXFrameworksBuildPhase;
			buildActionMask = 2147483647;
			files = (
			);
			runOnlyForDeploymentPostprocessing = 0;
		};
/* End PBXFrameworksBuildPhase section */

/* Begin PBXGroup section */
		0BDAFC86261B975900E82D7C = {
			isa = PBXGroup;
			children = (
				0BDAFC91261B975900E82D7C /* MySwiftUISamples */,
				0BDAFC90261B975900E82D7C /* Products */,
			);
			sourceTree = "<group>";
		};
		0BDAFC90261B975900E82D7C /* Products */ = {
			isa = PBXGroup;
			children = (
				0BDAFC8F261B975900E82D7C /* MySwiftUISamples.app */,
			);
			name = Products;
			sourceTree = "<group>";
		};
		0BDAFC91261B975900E82D7C /* MySwiftUISamples */ = {
			isa = PBXGroup;
			children = (
				0BDAFC92261B975900E82D7C /* MySwiftUISamplesApp.swift */,
				0BDAFC94261B975900E82D7C /* ContentView.swift */,
				0BDAFCA8261C9FD100E82D7C /* Label */,
				0BDAFCA9261C9FE500E82D7C /* Button */,
				0BDAFC96261B975D00E82D7C /* Assets.xcassets */,
				0BDAFC9B261B975D00E82D7C /* Info.plist */,
				0BDAFC98261B975D00E82D7C /* Preview Content */,
			);
			path = MySwiftUISamples;
			sourceTree = "<group>";
		};
		0BDAFC98261B975D00E82D7C /* Preview Content */ = {
			isa = PBXGroup;
			children = (
				0BDAFC99261B975D00E82D7C /* Preview Assets.xcassets */,
			);
			path = "Preview Content";
			sourceTree = "<group>";
		};
		0BDAFCA8261C9FD100E82D7C /* Label */ = {
			isa = PBXGroup;
			children = (
				0BDAFCA2261B978500E82D7C /* LabelSample.swift */,
			);
			path = Label;
			sourceTree = "<group>";
		};
		0BDAFCA9261C9FE500E82D7C /* Button */ = {
			isa = PBXGroup;
			children = (
				0BDAFCA5261C955000E82D7C /* ButtonSample.swift */,
				0BDAFCAB261CA00A00E82D7C /* ButtonContainer.swift */,
				0BDAFCB1261CA1BE00E82D7C /* FilledButtonStyle.swift */,
				0BDAFCAE261CA18C00E82D7C /* OutlineButtonStyle.swift */,
				0BDAFCB5261CA3B300E82D7C /* LongPressButtonStyle.swift */,
			);
			path = Button;
			sourceTree = "<group>";
		};
/* End PBXGroup section */

/* Begin PBXNativeTarget section */
		0BDAFC8E261B975900E82D7C /* MySwiftUISamples */ = {
			isa = PBXNativeTarget;
			buildConfigurationList = 0BDAFC9E261B975D00E82D7C /* Build configuration list for PBXNativeTarget "MySwiftUISamples" */;
			buildPhases = (
				0BDAFC8B261B975900E82D7C /* Sources */,
				0BDAFC8C261B975900E82D7C /* Frameworks */,
				0BDAFC8D261B975900E82D7C /* Resources */,
			);
			buildRules = (
			);
			dependencies = (
			);
			name = MySwiftUISamples;
			productName = MySwiftUISamples;
			productReference = 0BDAFC8F261B975900E82D7C /* MySwiftUISamples.app */;
			productType = "com.apple.product-type.application";
		};
/* End PBXNativeTarget section */

/* Begin PBXProject section */
		0BDAFC87261B975900E82D7C /* Project object */ = {
			isa = PBXProject;
			attributes = {
				LastSwiftUpdateCheck = 1240;
				LastUpgradeCheck = 1240;
				TargetAttributes = {
					0BDAFC8E261B975900E82D7C = {
						CreatedOnToolsVersion = 12.4;
					};
				};
			};
			buildConfigurationList = 0BDAFC8A261B975900E82D7C /* Build configuration list for PBXProject "MySwiftUISamples" */;
			compatibilityVersion = "Xcode 9.3";
			developmentRegion = en;
			hasScannedForEncodings = 0;
			knownRegions = (
				en,
				Base,
			);
			mainGroup = 0BDAFC86261B975900E82D7C;
			productRefGroup = 0BDAFC90261B975900E82D7C /* Products */;
			projectDirPath = "";
			projectRoot = "";
			targets = (
				0BDAFC8E261B975900E82D7C /* MySwiftUISamples */,
			);
		};
/* End PBXProject section */

/* Begin PBXResourcesBuildPhase section */
		0BDAFC8D261B975900E82D7C /* Resources */ = {
			isa = PBXResourcesBuildPhase;
			buildActionMask = 2147483647;
			files = (
				0BDAFC9A261B975D00E82D7C /* Preview Assets.xcassets in Resources */,
				0BDAFC97261B975D00E82D7C /* Assets.xcassets in Resources */,
			);
			runOnlyForDeploymentPostprocessing = 0;
		};
/* End PBXResourcesBuildPhase section */

/* Begin PBXSourcesBuildPhase section */
		0BDAFC8B261B975900E82D7C /* Sources */ = {
			isa = PBXSourcesBuildPhase;
			buildActionMask = 2147483647;
			files = (
				0BDAFCA3261B978500E82D7C /* LabelSample.swift in Sources */,
				0BDAFCB2261CA1BE00E82D7C /* FilledButtonStyle.swift in Sources */,
				0BDAFC95261B975900E82D7C /* ContentView.swift in Sources */,
				0BDAFC93261B975900E82D7C /* MySwiftUISamplesApp.swift in Sources */,
				0BDAFCAC261CA00A00E82D7C /* ButtonContainer.swift in Sources */,
				0BDAFCAF261CA18C00E82D7C /* OutlineButtonStyle.swift in Sources */,
				0BDAFCA6261C955100E82D7C /* ButtonSample.swift in Sources */,
				0BDAFCB6261CA3B300E82D7C /* LongPressButtonStyle.swift in Sources */,
			);
			runOnlyForDeploymentPostprocessing = 0;
		};
/* End PBXSourcesBuildPhase section */

/* Begin XCBuildConfiguration section */
		0BDAFC9C261B975D00E82D7C /* Debug */ = {
			isa = XCBuildConfiguration;
			buildSettings = {
				ALWAYS_SEARCH_USER_PATHS = NO;
				CLANG_ANALYZER_NONNULL = YES;
				CLANG_ANALYZER_NUMBER_OBJECT_CONVERSION = YES_AGGRESSIVE;
				CLANG_CXX_LANGUAGE_STANDARD = "gnu++14";
				CLANG_CXX_LIBRARY = "libc++";
				CLANG_ENABLE_MODULES = YES;
				CLANG_ENABLE_OBJC_ARC = YES;
				CLANG_ENABLE_OBJC_WEAK = YES;
				CLANG_WARN_BLOCK_CAPTURE_AUTORELEASING = YES;
				CLANG_WARN_BOOL_CONVERSION = YES;
				CLANG_WARN_COMMA = YES;
				CLANG_WARN_CONSTANT_CONVERSION = YES;
				CLANG_WARN_DEPRECATED_OBJC_IMPLEMENTATIONS = YES;
				CLANG_WARN_DIRECT_OBJC_ISA_USAGE = YES_ERROR;
				CLANG_WARN_DOCUMENTATION_COMMENTS = YES;
				CLANG_WARN_EMPTY_BODY = YES;
				CLANG_WARN_ENUM_CONVERSION = YES;
				CLANG_WARN_INFINITE_RECURSION = YES;
				CLANG_WARN_INT_CONVERSION = YES;
				CLANG_WARN_NON_LITERAL_NULL_CONVERSION = YES;
				CLANG_WARN_OBJC_IMPLICIT_RETAIN_SELF = YES;
				CLANG_WARN_OBJC_LITERAL_CONVERSION = YES;
				CLANG_WARN_OBJC_ROOT_CLASS = YES_ERROR;
				CLANG_WARN_QUOTED_INCLUDE_IN_FRAMEWORK_HEADER = YES;
				CLANG_WARN_RANGE_LOOP_ANALYSIS = YES;
				CLANG_WARN_STRICT_PROTOTYPES = YES;
				CLANG_WARN_SUSPICIOUS_MOVE = YES;
				CLANG_WARN_UNGUARDED_AVAILABILITY = YES_AGGRESSIVE;
				CLANG_WARN_UNREACHABLE_CODE = YES;
				CLANG_WARN__DUPLICATE_METHOD_MATCH = YES;
				COPY_PHASE_STRIP = NO;
				DEBUG_INFORMATION_FORMAT = dwarf;
				ENABLE_STRICT_OBJC_MSGSEND = YES;
				ENABLE_TESTABILITY = YES;
				GCC_C_LANGUAGE_STANDARD = gnu11;
				GCC_DYNAMIC_NO_PIC = NO;
				GCC_NO_COMMON_BLOCKS = YES;
				GCC_OPTIMIZATION_LEVEL = 0;
				GCC_PREPROCESSOR_DEFINITIONS = (
					"DEBUG=1",
					"$(inherited)",
				);
				GCC_WARN_64_TO_32_BIT_CONVERSION = YES;
				GCC_WARN_ABOUT_RETURN_TYPE = YES_ERROR;
				GCC_WARN_UNDECLARED_SELECTOR = YES;
				GCC_WARN_UNINITIALIZED_AUTOS = YES_AGGRESSIVE;
				GCC_WARN_UNUSED_FUNCTION = YES;
				GCC_WARN_UNUSED_VARIABLE = YES;
				IPHONEOS_DEPLOYMENT_TARGET = 14.4;
				MTL_ENABLE_DEBUG_INFO = INCLUDE_SOURCE;
				MTL_FAST_MATH = YES;
				ONLY_ACTIVE_ARCH = YES;
				SDKROOT = iphoneos;
				SWIFT_ACTIVE_COMPILATION_CONDITIONS = DEBUG;
				SWIFT_OPTIMIZATION_LEVEL = "-Onone";
			};
			name = Debug;
		};
		0BDAFC9D261B975D00E82D7C /* Release */ = {
			isa = XCBuildConfiguration;
			buildSettings = {
				ALWAYS_SEARCH_USER_PATHS = NO;
				CLANG_ANALYZER_NONNULL = YES;
				CLANG_ANALYZER_NUMBER_OBJECT_CONVERSION = YES_AGGRESSIVE;
				CLANG_CXX_LANGUAGE_STANDARD = "gnu++14";
				CLANG_CXX_LIBRARY = "libc++";
				CLANG_ENABLE_MODULES = YES;
				CLANG_ENABLE_OBJC_ARC = YES;
				CLANG_ENABLE_OBJC_WEAK = YES;
				CLANG_WARN_BLOCK_CAPTURE_AUTORELEASING = YES;
				CLANG_WARN_BOOL_CONVERSION = YES;
				CLANG_WARN_COMMA = YES;
				CLANG_WARN_CONSTANT_CONVERSION = YES;
				CLANG_WARN_DEPRECATED_OBJC_IMPLEMENTATIONS = YES;
				CLANG_WARN_DIRECT_OBJC_ISA_USAGE = YES_ERROR;
				CLANG_WARN_DOCUMENTATION_COMMENTS = YES;
				CLANG_WARN_EMPTY_BODY = YES;
				CLANG_WARN_ENUM_CONVERSION = YES;
				CLANG_WARN_INFINITE_RECURSION = YES;
				CLANG_WARN_INT_CONVERSION = YES;
				CLANG_WARN_NON_LITERAL_NULL_CONVERSION = YES;
				CLANG_WARN_OBJC_IMPLICIT_RETAIN_SELF = YES;
				CLANG_WARN_OBJC_LITERAL_CONVERSION = YES;
				CLANG_WARN_OBJC_ROOT_CLASS = YES_ERROR;
				CLANG_WARN_QUOTED_INCLUDE_IN_FRAMEWORK_HEADER = YES;
				CLANG_WARN_RANGE_LOOP_ANALYSIS = YES;
				CLANG_WARN_STRICT_PROTOTYPES = YES;
				CLANG_WARN_SUSPICIOUS_MOVE = YES;
				CLANG_WARN_UNGUARDED_AVAILABILITY = YES_AGGRESSIVE;
				CLANG_WARN_UNREACHABLE_CODE = YES;
				CLANG_WARN__DUPLICATE_METHOD_MATCH = YES;
				COPY_PHASE_STRIP = NO;
				DEBUG_INFORMATION_FORMAT = "dwarf-with-dsym";
				ENABLE_NS_ASSERTIONS = NO;
				ENABLE_STRICT_OBJC_MSGSEND = YES;
				GCC_C_LANGUAGE_STANDARD = gnu11;
				GCC_NO_COMMON_BLOCKS = YES;
				GCC_WARN_64_TO_32_BIT_CONVERSION = YES;
				GCC_WARN_ABOUT_RETURN_TYPE = YES_ERROR;
				GCC_WARN_UNDECLARED_SELECTOR = YES;
				GCC_WARN_UNINITIALIZED_AUTOS = YES_AGGRESSIVE;
				GCC_WARN_UNUSED_FUNCTION = YES;
				GCC_WARN_UNUSED_VARIABLE = YES;
				IPHONEOS_DEPLOYMENT_TARGET = 14.4;
				MTL_ENABLE_DEBUG_INFO = NO;
				MTL_FAST_MATH = YES;
				SDKROOT = iphoneos;
				SWIFT_COMPILATION_MODE = wholemodule;
				SWIFT_OPTIMIZATION_LEVEL = "-O";
				VALIDATE_PRODUCT = YES;
			};
			name = Release;
		};
		0BDAFC9F261B975D00E82D7C /* Debug */ = {
			isa = XCBuildConfiguration;
			buildSettings = {
				ASSETCATALOG_COMPILER_APPICON_NAME = AppIcon;
				ASSETCATALOG_COMPILER_GLOBAL_ACCENT_COLOR_NAME = AccentColor;
				CODE_SIGN_STYLE = Automatic;
				DEVELOPMENT_ASSET_PATHS = "\"MySwiftUISamples/Preview Content\"";
				ENABLE_PREVIEWS = YES;
				INFOPLIST_FILE = MySwiftUISamples/Info.plist;
				IPHONEOS_DEPLOYMENT_TARGET = 14.0;
				LD_RUNPATH_SEARCH_PATHS = (
					"$(inherited)",
					"@executable_path/Frameworks",
				);
				PRODUCT_BUNDLE_IDENTIFIER = com.miadaddy.MySwiftUISamples;
				PRODUCT_NAME = "$(TARGET_NAME)";
				SWIFT_VERSION = 5.0;
				TARGETED_DEVICE_FAMILY = "1,2";
			};
			name = Debug;
		};
		0BDAFCA0261B975D00E82D7C /* Release */ = {
			isa = XCBuildConfiguration;
			buildSettings = {
				ASSETCATALOG_COMPILER_APPICON_NAME = AppIcon;
				ASSETCATALOG_COMPILER_GLOBAL_ACCENT_COLOR_NAME = AccentColor;
				CODE_SIGN_STYLE = Automatic;
				DEVELOPMENT_ASSET_PATHS = "\"MySwiftUISamples/Preview Content\"";
				ENABLE_PREVIEWS = YES;
				INFOPLIST_FILE = MySwiftUISamples/Info.plist;
				IPHONEOS_DEPLOYMENT_TARGET = 14.0;
				LD_RUNPATH_SEARCH_PATHS = (
					"$(inherited)",
					"@executable_path/Frameworks",
				);
				PRODUCT_BUNDLE_IDENTIFIER = com.miadaddy.MySwiftUISamples;
				PRODUCT_NAME = "$(TARGET_NAME)";
				SWIFT_VERSION = 5.0;
				TARGETED_DEVICE_FAMILY = "1,2";
			};
			name = Release;
		};
/* End XCBuildConfiguration section */

/* Begin XCConfigurationList section */
		0BDAFC8A261B975900E82D7C /* Build configuration list for PBXProject "MySwiftUISamples" */ = {
			isa = XCConfigurationList;
			buildConfigurations = (
				0BDAFC9C261B975D00E82D7C /* Debug */,
				0BDAFC9D261B975D00E82D7C /* Release */,
			);
			defaultConfigurationIsVisible = 0;
			defaultConfigurationName = Release;
		};
		0BDAFC9E261B975D00E82D7C /* Build configuration list for PBXNativeTarget "MySwiftUISamples" */ = {
			isa = XCConfigurationList;
			buildConfigurations = (
				0BDAFC9F261B975D00E82D7C /* Debug */,
				0BDAFCA0261B975D00E82D7C /* Release */,
			);
			defaultConfigurationIsVisible = 0;
			defaultConfigurationName = Release;
		};
/* End XCConfigurationList section */
	};
	rootObject = 0BDAFC87261B975900E82D7C /* Project object */;
}
